lockfileVersion: '9.0'

settings:
  autoInstallPeers: true
  excludeLinksFromLockfile: false

  /install@0.13.0:
    resolution: {integrity: sha512-zDml/jzr2PKU9I8J/xyZBQn8rPCAY//UOYNmR01XwNwyfhEWObo2SWfSl1+0tm1u6PhxLwDnfsT/6jB7OUxqFA==}
    engines: {node: '>= 0.10'}
    dev: false

  /internal-slot@1.0.7:
    resolution: {integrity: sha512-NGnrKwXzSms2qUUih/ILZ5JBqNTSa1+ZmP6flaIp6KmSElgE9qdndzS3cqjrDovwFdmwsGsLdeFgB6suw+1e9g==}
    engines: {node: '>= 0.4'}
=======
  internal-slot@1.0.7:
    dependencies:
      es-errors: 1.3.0
      hasown: 2.0.2
      side-channel: 1.0.6

  invariant@2.2.4:
    dependencies:
      loose-envify: 1.4.0

  is-array-buffer@3.0.4:
    dependencies:
      call-bind: 1.0.7
      get-intrinsic: 1.2.4

  is-arrayish@0.2.1: {}

  is-async-function@2.0.0:
    dependencies:
      has-tostringtag: 1.0.2

  is-bigint@1.0.4:
    dependencies:
      has-bigints: 1.0.2

  is-binary-path@2.1.0:
    dependencies:
      binary-extensions: 2.3.0

  is-boolean-object@1.1.2:
    dependencies:
      call-bind: 1.0.7
      has-tostringtag: 1.0.2

  is-callable@1.2.7: {}

  is-core-module@2.15.0:
    dependencies:
      hasown: 2.0.2

  is-data-view@1.0.1:
    dependencies:
      is-typed-array: 1.1.13

  is-date-object@1.0.5:
    dependencies:
      has-tostringtag: 1.0.2

  is-directory@0.3.1: {}

  is-docker@2.2.1: {}

  is-extglob@2.1.1: {}

  is-finalizationregistry@1.0.2:
    dependencies:
      call-bind: 1.0.7

  is-fullwidth-code-point@2.0.0: {}

  is-fullwidth-code-point@3.0.0: {}

  is-generator-function@1.0.10:
    dependencies:
      has-tostringtag: 1.0.2

  is-glob@4.0.3:
    dependencies:
      is-extglob: 2.1.1

  is-interactive@1.0.0: {}

  is-map@2.0.3: {}

  is-negative-zero@2.0.3: {}

  is-number-object@1.0.7:
    dependencies:
      has-tostringtag: 1.0.2

  is-number@7.0.0: {}

  is-path-inside@3.0.3: {}

  is-plain-object@2.0.4:
    dependencies:
      isobject: 3.0.1

  is-regex@1.1.4:
    dependencies:
      call-bind: 1.0.7
      has-tostringtag: 1.0.2

  is-set@2.0.3: {}

  is-shared-array-buffer@1.0.3:
    dependencies:
      call-bind: 1.0.7

  is-stream@2.0.1: {}

  is-string@1.0.7:
    dependencies:
      has-tostringtag: 1.0.2

  is-symbol@1.0.4:
    dependencies:
      has-symbols: 1.0.3

  is-typed-array@1.1.13:
    dependencies:
      which-typed-array: 1.1.15

  is-unicode-supported@0.1.0: {}

  is-weakmap@2.0.2: {}

  is-weakref@1.0.2:
    dependencies:
      call-bind: 1.0.7

  is-weakset@2.0.3:
    dependencies:
      call-bind: 1.0.7
      get-intrinsic: 1.2.4

  is-wsl@1.1.0: {}

  is-wsl@2.2.0:
    dependencies:
      is-docker: 2.2.1

  isarray@0.0.1: {}

  isarray@1.0.0: {}

  isarray@2.0.5: {}

  isexe@2.0.0: {}

  isobject@3.0.1: {}

  iterator.prototype@1.1.2:
    dependencies:
      define-properties: 1.2.1
      get-intrinsic: 1.2.4
      has-symbols: 1.0.3
      reflect.getprototypeof: 1.0.6
      set-function-name: 2.0.2

  its-fine@1.2.5(react@18.3.1):
    dependencies:
      '@types/react-reconciler': 0.28.8
      react: 18.3.1

  jackspeak@3.4.3:
    dependencies:
      '@isaacs/cliui': 8.0.2
    optionalDependencies:
      '@pkgjs/parseargs': 0.11.0

  jest-environment-node@29.7.0:
    dependencies:
      '@jest/environment': 29.7.0
      '@jest/fake-timers': 29.7.0
      '@jest/types': 29.6.3
      '@types/node': 22.1.0
      jest-mock: 29.7.0
      jest-util: 29.7.0

  jest-get-type@29.6.3: {}

  jest-message-util@29.7.0:
    dependencies:
      '@babel/code-frame': 7.24.7
      '@jest/types': 29.6.3
      '@types/stack-utils': 2.0.3
      chalk: 4.1.2
      graceful-fs: 4.2.11
      micromatch: 4.0.7
      pretty-format: 29.7.0
      slash: 3.0.0
      stack-utils: 2.0.6

  jest-mock@29.7.0:
    dependencies:
      '@jest/types': 29.6.3
      '@types/node': 22.1.0
      jest-util: 29.7.0

  jest-util@29.7.0:
    dependencies:
      '@jest/types': 29.6.3
      '@types/node': 22.1.0
      chalk: 4.1.2
      ci-info: 3.9.0
      graceful-fs: 4.2.11
      picomatch: 2.3.1

  jest-validate@29.7.0:
    dependencies:
      '@jest/types': 29.6.3
      camelcase: 6.3.0
      chalk: 4.1.2
      jest-get-type: 29.6.3
      leven: 3.1.0
      pretty-format: 29.7.0

  jest-worker@29.7.0:
    dependencies:
      '@types/node': 22.1.0
      jest-util: 29.7.0
      merge-stream: 2.0.0
      supports-color: 8.1.1

  jiti@1.21.6: {}

  joi@17.13.3:
    dependencies:
      '@hapi/hoek': 9.3.0
      '@hapi/topo': 5.1.0
      '@sideway/address': 4.1.5
      '@sideway/formula': 3.0.1
      '@sideway/pinpoint': 2.0.0

  js-tokens@4.0.0: {}

  js-yaml@3.14.1:
    dependencies:
      argparse: 1.0.10
      esprima: 4.0.1

  js-yaml@4.1.0:
    dependencies:
      argparse: 2.0.1

  jsc-android@250231.0.0: {}

  jsc-safe-url@0.2.4: {}

  jscodeshift@0.14.0(@babel/preset-env@7.25.3(@babel/core@7.25.2)):
    dependencies:
      '@babel/core': 7.25.2
      '@babel/parser': 7.25.3
      '@babel/plugin-proposal-class-properties': 7.18.6(@babel/core@7.25.2)
      '@babel/plugin-proposal-nullish-coalescing-operator': 7.18.6(@babel/core@7.25.2)
      '@babel/plugin-proposal-optional-chaining': 7.21.0(@babel/core@7.25.2)
      '@babel/plugin-transform-modules-commonjs': 7.24.8(@babel/core@7.25.2)
      '@babel/preset-env': 7.25.3(@babel/core@7.25.2)
      '@babel/preset-flow': 7.24.7(@babel/core@7.25.2)
      '@babel/preset-typescript': 7.24.7(@babel/core@7.25.2)
      '@babel/register': 7.24.6(@babel/core@7.25.2)
      babel-core: 7.0.0-bridge.0(@babel/core@7.25.2)
      chalk: 4.1.2
      flow-parser: 0.242.1
      graceful-fs: 4.2.11
      micromatch: 4.0.7
      neo-async: 2.6.2
      node-dir: 0.1.17
      recast: 0.21.5
      temp: 0.8.4
      write-file-atomic: 2.4.3
    transitivePeerDependencies:
      - supports-color

  jsesc@0.5.0: {}

  jsesc@2.5.2: {}

  json-buffer@3.0.1: {}

  json-parse-better-errors@1.0.2: {}

  json-schema-traverse@0.4.1: {}

  json-stable-stringify-without-jsonify@1.0.1: {}

  json5@2.2.3: {}

  jsonfile@4.0.0:
    optionalDependencies:
      graceful-fs: 4.2.11

  jsonfile@6.1.0:
    dependencies:
      universalify: 2.0.1
    optionalDependencies:
      graceful-fs: 4.2.11

  jsx-ast-utils@3.3.5:
    dependencies:
      array-includes: 3.1.8
      array.prototype.flat: 1.3.2
      object.assign: 4.1.5
      object.values: 1.2.0

  keyv@4.5.4:
    dependencies:
      json-buffer: 3.0.1

  kind-of@6.0.3: {}

  kleur@3.0.3: {}

  konva@9.3.14: {}

  leven@3.1.0: {}

  levn@0.4.1:
    dependencies:
      prelude-ls: 1.2.1
      type-check: 0.4.0

  lighthouse-logger@1.4.2:
    dependencies:
      debug: 2.6.9
      marky: 1.2.5
    transitivePeerDependencies:
      - supports-color

  lilconfig@2.1.0: {}

  lilconfig@3.1.2: {}

  lines-and-columns@1.2.4: {}

  locate-path@3.0.0:
    dependencies:
      p-locate: 3.0.0
      path-exists: 3.0.0

  locate-path@5.0.0:
    dependencies:
      p-locate: 4.1.0

  locate-path@6.0.0:
    dependencies:
      p-locate: 5.0.0

  lodash.debounce@4.0.8: {}

  lodash.merge@4.6.2: {}

  lodash.throttle@4.1.1: {}

  log-symbols@4.1.0:
    dependencies:
      chalk: 4.1.2
      is-unicode-supported: 0.1.0

  logkitty@0.7.1:
    dependencies:
      ansi-fragments: 0.2.1
      dayjs: 1.11.12
      yargs: 15.4.1

  loose-envify@1.4.0:
    dependencies:
      js-tokens: 4.0.0

  lru-cache@10.4.3: {}

  lru-cache@5.1.1:
    dependencies:
      yallist: 3.1.1

  make-dir@2.1.0:
    dependencies:
      pify: 4.0.1
      semver: 5.7.2

  make-dir@3.1.0:
    dependencies:
      semver: 6.3.1

  makeerror@1.0.12:
    dependencies:
      tmpl: 1.0.5

  marky@1.2.5: {}

  memoize-one@5.2.1: {}

  merge-stream@2.0.0: {}

  merge2@1.4.1: {}

  metro-babel-transformer@0.80.9:
    dependencies:
      '@babel/core': 7.25.2
      hermes-parser: 0.20.1
      nullthrows: 1.1.1
    transitivePeerDependencies:
      - supports-color

  metro-cache-key@0.80.9: {}

  metro-cache@0.80.9:
    dependencies:
      metro-core: 0.80.9
      rimraf: 3.0.2

  metro-config@0.80.9:
    dependencies:
      connect: 3.7.0
      cosmiconfig: 5.2.1
      jest-validate: 29.7.0
      metro: 0.80.9
      metro-cache: 0.80.9
      metro-core: 0.80.9
      metro-runtime: 0.80.9
    transitivePeerDependencies:
      - bufferutil
      - encoding
      - supports-color
      - utf-8-validate

  metro-core@0.80.9:
    dependencies:
      lodash.throttle: 4.1.1
      metro-resolver: 0.80.9

  metro-file-map@0.80.9:
    dependencies:
      anymatch: 3.1.3
      debug: 2.6.9
      fb-watchman: 2.0.2
      graceful-fs: 4.2.11
      invariant: 2.2.4
      jest-worker: 29.7.0
      micromatch: 4.0.7
      node-abort-controller: 3.1.1
      nullthrows: 1.1.1
      walker: 1.0.8
    optionalDependencies:
      fsevents: 2.3.3
    transitivePeerDependencies:
      - supports-color

  metro-minify-terser@0.80.9:
    dependencies:
      terser: 5.31.3

  metro-resolver@0.80.9: {}

  metro-runtime@0.80.9:
    dependencies:
      '@babel/runtime': 7.25.0

  metro-source-map@0.80.9:
    dependencies:
      '@babel/traverse': 7.25.3
      '@babel/types': 7.25.2
      invariant: 2.2.4
      metro-symbolicate: 0.80.9
      nullthrows: 1.1.1
      ob1: 0.80.9
      source-map: 0.5.7
      vlq: 1.0.1
    transitivePeerDependencies:
      - supports-color

  metro-symbolicate@0.80.9:
    dependencies:
      invariant: 2.2.4
      metro-source-map: 0.80.9
      nullthrows: 1.1.1
      source-map: 0.5.7
      through2: 2.0.5
      vlq: 1.0.1
    transitivePeerDependencies:
      - supports-color

  metro-transform-plugins@0.80.9:
    dependencies:
      '@babel/core': 7.25.2
      '@babel/generator': 7.25.0
      '@babel/template': 7.25.0
      '@babel/traverse': 7.25.3
      nullthrows: 1.1.1
    transitivePeerDependencies:
      - supports-color

  metro-transform-worker@0.80.9:
    dependencies:
      '@babel/core': 7.25.2
      '@babel/generator': 7.25.0
      '@babel/parser': 7.25.3
      '@babel/types': 7.25.2
      metro: 0.80.9
      metro-babel-transformer: 0.80.9
      metro-cache: 0.80.9
      metro-cache-key: 0.80.9
      metro-minify-terser: 0.80.9
      metro-source-map: 0.80.9
      metro-transform-plugins: 0.80.9
      nullthrows: 1.1.1
    transitivePeerDependencies:
      - bufferutil
      - encoding
      - supports-color
      - utf-8-validate

  metro@0.80.9:
    dependencies:
      '@babel/code-frame': 7.24.7
      '@babel/core': 7.25.2
      '@babel/generator': 7.25.0
      '@babel/parser': 7.25.3
      '@babel/template': 7.25.0
      '@babel/traverse': 7.25.3
      '@babel/types': 7.25.2
      accepts: 1.3.8
      chalk: 4.1.2
      ci-info: 2.0.0
      connect: 3.7.0
      debug: 2.6.9
      denodeify: 1.2.1
      error-stack-parser: 2.1.4
      graceful-fs: 4.2.11
      hermes-parser: 0.20.1
      image-size: 1.1.1
      invariant: 2.2.4
      jest-worker: 29.7.0
      jsc-safe-url: 0.2.4
      lodash.throttle: 4.1.1
      metro-babel-transformer: 0.80.9
      metro-cache: 0.80.9
      metro-cache-key: 0.80.9
      metro-config: 0.80.9
      metro-core: 0.80.9
      metro-file-map: 0.80.9
      metro-resolver: 0.80.9
      metro-runtime: 0.80.9
      metro-source-map: 0.80.9
      metro-symbolicate: 0.80.9
      metro-transform-plugins: 0.80.9
      metro-transform-worker: 0.80.9
      mime-types: 2.1.35
      node-fetch: 2.7.0
      nullthrows: 1.1.1
      rimraf: 3.0.2
      serialize-error: 2.1.0
      source-map: 0.5.7
      strip-ansi: 6.0.1
      throat: 5.0.0
      ws: 7.5.10
      yargs: 17.7.2
    transitivePeerDependencies:
      - bufferutil
      - encoding
      - supports-color
      - utf-8-validate

  micromatch@4.0.7:
    dependencies:
      braces: 3.0.3
      picomatch: 2.3.1

  mime-db@1.52.0: {}

  mime-db@1.53.0: {}

  mime-types@2.1.35:
    dependencies:
      mime-db: 1.52.0

  mime@1.6.0: {}

  mime@2.6.0: {}

  mimic-fn@2.1.0: {}

  minimatch@3.1.2:
    dependencies:
      brace-expansion: 1.1.11

  minimatch@9.0.5:
    dependencies:
      brace-expansion: 2.0.1

  minimist@1.2.8: {}

  minipass@7.1.2: {}

  mkdirp@0.5.6:
    dependencies:
      minimist: 1.2.8

  mkdirp@1.0.4: {}

  ms@2.0.0: {}

  ms@2.1.2: {}

  ms@2.1.3: {}

  mz@2.7.0:
    dependencies:
      any-promise: 1.3.0
      object-assign: 4.1.1
      thenify-all: 1.6.0

  nan@2.20.0:
    optional: true

  nanoid@3.3.7: {}

  natural-compare@1.4.0: {}

  negotiator@0.6.3: {}

  neo-async@2.6.2: {}

  nocache@3.0.4: {}

  node-abort-controller@3.1.1: {}

  node-dir@0.1.17:
    dependencies:
      minimatch: 3.1.2

  node-fetch@2.7.0:
    dependencies:
      whatwg-url: 5.0.0

  node-forge@1.3.1: {}

  node-int64@0.4.0: {}

  node-releases@2.0.18: {}

  node-stream-zip@1.15.0: {}

  normalize-path@3.0.0: {}

  normalize-range@0.1.2: {}

  npm-run-path@4.0.1:
    dependencies:
      path-key: 3.1.1

  nullthrows@1.1.1: {}

  ob1@0.80.9: {}

  object-assign@4.1.1: {}

  object-hash@3.0.0: {}

  object-inspect@1.13.2: {}

  object-keys@1.1.1: {}

  object.assign@4.1.5:
    dependencies:
      call-bind: 1.0.7
      define-properties: 1.2.1
      has-symbols: 1.0.3
      object-keys: 1.1.1

  object.entries@1.1.8:
    dependencies:
      call-bind: 1.0.7
      define-properties: 1.2.1
      es-object-atoms: 1.0.0

  object.fromentries@2.0.8:
    dependencies:
      call-bind: 1.0.7
      define-properties: 1.2.1
      es-abstract: 1.23.3
      es-object-atoms: 1.0.0

  object.values@1.2.0:
    dependencies:
      call-bind: 1.0.7
      define-properties: 1.2.1
      es-object-atoms: 1.0.0

  on-finished@2.3.0:
    dependencies:
      ee-first: 1.1.1

  on-finished@2.4.1:
    dependencies:
      ee-first: 1.1.1

  on-headers@1.0.2: {}

  once@1.4.0:
    dependencies:
      wrappy: 1.0.2

  onetime@5.1.2:
    dependencies:
      mimic-fn: 2.1.0

  open@6.4.0:
    dependencies:
      is-wsl: 1.1.0

  open@7.4.2:
    dependencies:
      is-docker: 2.2.1
      is-wsl: 2.2.0

  optionator@0.9.4:
    dependencies:
      deep-is: 0.1.4
      fast-levenshtein: 2.0.6
      levn: 0.4.1
      prelude-ls: 1.2.1
      type-check: 0.4.0
      word-wrap: 1.2.5

  ora@5.4.1:
    dependencies:
      bl: 4.1.0
      chalk: 4.1.2
      cli-cursor: 3.1.0
      cli-spinners: 2.9.2
      is-interactive: 1.0.0
      is-unicode-supported: 0.1.0
      log-symbols: 4.1.0
      strip-ansi: 6.0.1
      wcwidth: 1.0.1

  p-limit@2.3.0:
    dependencies:
      p-try: 2.2.0

  p-limit@3.1.0:
    dependencies:
      yocto-queue: 0.1.0

  p-locate@3.0.0:
    dependencies:
      p-limit: 2.3.0

  p-locate@4.1.0:
    dependencies:
      p-limit: 2.3.0

  p-locate@5.0.0:
    dependencies:
      p-limit: 3.1.0

  p-try@2.2.0: {}

  package-json-from-dist@1.0.0: {}

  parent-module@1.0.1:
    dependencies:
      callsites: 3.1.0

  parse-json@4.0.0:
    dependencies:
      error-ex: 1.3.2
      json-parse-better-errors: 1.0.2

  parseurl@1.3.3: {}

  path-exists@3.0.0: {}

  path-exists@4.0.0: {}

  path-is-absolute@1.0.1: {}

  path-key@3.1.1: {}

  path-parse@1.0.7: {}

  path-scurry@1.11.1:
    dependencies:
      lru-cache: 10.4.3
      minipass: 7.1.2

  picocolors@1.0.1: {}

  picomatch@2.3.1: {}

  pify@2.3.0: {}

  pify@4.0.1: {}

  pinkie-promise@2.0.1:
    dependencies:
      pinkie: 2.0.4

  pinkie@2.0.4: {}

  pirates@4.0.6: {}

  pkg-dir@3.0.0:
    dependencies:
      find-up: 3.0.0

  pkg-dir@4.2.0:
    dependencies:
      find-up: 4.1.0

  possible-typed-array-names@1.0.0: {}

  postcss-import@15.1.0(postcss@8.4.41):
    dependencies:
      postcss: 8.4.41
      postcss-value-parser: 4.2.0
      read-cache: 1.0.0
      resolve: 1.22.8

  postcss-js@4.0.1(postcss@8.4.41):
    dependencies:
      camelcase-css: 2.0.1
      postcss: 8.4.41

  postcss-load-config@4.0.2(postcss@8.4.41):
    dependencies:
      lilconfig: 3.1.2
      yaml: 2.5.0
    optionalDependencies:
      postcss: 8.4.41

  postcss-nested@6.2.0(postcss@8.4.41):
    dependencies:
      postcss: 8.4.41
      postcss-selector-parser: 6.1.1

  postcss-selector-parser@6.1.1:
    dependencies:
      cssesc: 3.0.0
      util-deprecate: 1.0.2

  postcss-value-parser@4.2.0: {}

  postcss@8.4.41:
    dependencies:
      nanoid: 3.3.7
      picocolors: 1.0.1
      source-map-js: 1.2.0

  prelude-ls@1.2.1: {}

  pretty-format@26.6.2:
    dependencies:
      '@jest/types': 26.6.2
      ansi-regex: 5.0.1
      ansi-styles: 4.3.0
      react-is: 17.0.2

  pretty-format@29.7.0:
    dependencies:
      '@jest/schemas': 29.6.3
      ansi-styles: 5.2.0
      react-is: 18.3.1

  process-nextick-args@2.0.1: {}

  promise-retry@2.0.1:
    dependencies:
      err-code: 2.0.3
      retry: 0.12.0

  promise@8.3.0:
    dependencies:
      asap: 2.0.6

  prompts@2.4.2:
    dependencies:
      kleur: 3.0.3
      sisteransi: 1.0.5

  prop-types@15.8.1:
    dependencies:
      loose-envify: 1.4.0
      object-assign: 4.1.1
      react-is: 16.13.1

  proxy-from-env@1.1.0: {}

  punycode@2.3.1: {}

  querystring@0.2.1: {}

  queue-microtask@1.2.3: {}

  queue@6.0.2:
    dependencies:
      inherits: 2.0.4

  range-parser@1.2.1: {}

  react-devtools-core@5.3.1:
    dependencies:
      shell-quote: 1.8.1
      ws: 7.5.10
    transitivePeerDependencies:
      - bufferutil
      - utf-8-validate

  react-dom@18.3.1(react@18.3.1):
    dependencies:
      loose-envify: 1.4.0
      react: 18.3.1
      scheduler: 0.23.2

  react-fast-compare@3.2.2: {}

  react-feather@2.0.10(react@18.3.1):
    dependencies:
      prop-types: 15.8.1
      react: 18.3.1

  react-helmet-async@2.0.5(react@18.3.1):
    dependencies:
      invariant: 2.2.4
      react: 18.3.1
      react-fast-compare: 3.2.2
      shallowequal: 1.1.0

  react-icons@5.3.0(react@18.3.1):
    dependencies:
      react: 18.3.1

  react-is@16.13.1: {}

  react-is@17.0.2: {}

  react-is@18.3.1: {}

  react-konva@18.2.10(konva@9.3.14)(react-dom@18.3.1(react@18.3.1))(react@18.3.1):
    dependencies:
      '@types/react-reconciler': 0.28.8
      its-fine: 1.2.5(react@18.3.1)
      konva: 9.3.14
      react: 18.3.1
      react-dom: 18.3.1(react@18.3.1)
      react-reconciler: 0.29.2(react@18.3.1)
      scheduler: 0.23.2

  react-native@0.74.5(@babel/core@7.25.2)(@babel/preset-env@7.25.3(@babel/core@7.25.2))(@types/react@18.3.3)(react@18.3.1):
    dependencies:
      '@jest/create-cache-key-function': 29.7.0
      '@react-native-community/cli': 13.6.9
      '@react-native-community/cli-platform-android': 13.6.9
      '@react-native-community/cli-platform-ios': 13.6.9
      '@react-native/assets-registry': 0.74.87
      '@react-native/codegen': 0.74.87(@babel/preset-env@7.25.3(@babel/core@7.25.2))
      '@react-native/community-cli-plugin': 0.74.87(@babel/core@7.25.2)(@babel/preset-env@7.25.3(@babel/core@7.25.2))
      '@react-native/gradle-plugin': 0.74.87
      '@react-native/js-polyfills': 0.74.87
      '@react-native/normalize-colors': 0.74.87
      '@react-native/virtualized-lists': 0.74.87(@types/react@18.3.3)(react-native@0.74.5(@babel/core@7.25.2)(@babel/preset-env@7.25.3(@babel/core@7.25.2))(@types/react@18.3.3)(react@18.3.1))(react@18.3.1)
      abort-controller: 3.0.0
      anser: 1.4.10
      ansi-regex: 5.0.1
      base64-js: 1.5.1
      chalk: 4.1.2
      event-target-shim: 5.0.1
      flow-enums-runtime: 0.0.6
      invariant: 2.2.4
      jest-environment-node: 29.7.0
      jsc-android: 250231.0.0
      memoize-one: 5.2.1
      metro-runtime: 0.80.9
      metro-source-map: 0.80.9
      mkdirp: 0.5.6
      nullthrows: 1.1.1
      pretty-format: 26.6.2
      promise: 8.3.0
      react: 18.3.1
      react-devtools-core: 5.3.1
      react-refresh: 0.14.2
      react-shallow-renderer: 16.15.0(react@18.3.1)
      regenerator-runtime: 0.13.11
      scheduler: 0.24.0-canary-efb381bbf-20230505
      stacktrace-parser: 0.1.10
      whatwg-fetch: 3.6.20
      ws: 6.2.3
      yargs: 17.7.2
    optionalDependencies:
      '@types/react': 18.3.3
    transitivePeerDependencies:
      - '@babel/core'
      - '@babel/preset-env'
      - bufferutil
      - encoding
      - supports-color
      - utf-8-validate

  react-reconciler@0.27.0(react@18.3.1):
    dependencies:
      loose-envify: 1.4.0
      react: 18.3.1
      scheduler: 0.21.0

  react-reconciler@0.29.2(react@18.3.1):
    dependencies:
      loose-envify: 1.4.0
      react: 18.3.1
      scheduler: 0.23.2

  react-refresh@0.14.2: {}

  react-router-dom@6.26.0(react-dom@18.3.1(react@18.3.1))(react@18.3.1):
    dependencies:
      '@remix-run/router': 1.19.0
      react: 18.3.1
      react-dom: 18.3.1(react@18.3.1)
      react-router: 6.26.0(react@18.3.1)

  react-router@6.26.0(react@18.3.1):
    dependencies:
      '@remix-run/router': 1.19.0
      react: 18.3.1

  react-shallow-renderer@16.15.0(react@18.3.1):
    dependencies:
      object-assign: 4.1.1
      react: 18.3.1
      react-is: 18.3.1

  react-spring@9.7.4(@react-three/fiber@8.16.8(react-dom@18.3.1(react@18.3.1))(react-native@0.74.5(@babel/core@7.25.2)(@babel/preset-env@7.25.3(@babel/core@7.25.2))(@types/react@18.3.3)(react@18.3.1))(react@18.3.1)(three@0.167.1))(konva@9.3.14)(react-dom@18.3.1(react@18.3.1))(react-konva@18.2.10(konva@9.3.14)(react-dom@18.3.1(react@18.3.1))(react@18.3.1))(react-native@0.74.5(@babel/core@7.25.2)(@babel/preset-env@7.25.3(@babel/core@7.25.2))(@types/react@18.3.3)(react@18.3.1))(react-zdog@1.2.2)(react@18.3.1)(three@0.167.1)(zdog@1.1.3):
    dependencies:
      '@react-spring/core': 9.7.4(react@18.3.1)
      '@react-spring/konva': 9.7.4(konva@9.3.14)(react-konva@18.2.10(konva@9.3.14)(react-dom@18.3.1(react@18.3.1))(react@18.3.1))(react@18.3.1)
      '@react-spring/native': 9.7.4(react-native@0.74.5(@babel/core@7.25.2)(@babel/preset-env@7.25.3(@babel/core@7.25.2))(@types/react@18.3.3)(react@18.3.1))(react@18.3.1)
      '@react-spring/three': 9.7.4(@react-three/fiber@8.16.8(react-dom@18.3.1(react@18.3.1))(react-native@0.74.5(@babel/core@7.25.2)(@babel/preset-env@7.25.3(@babel/core@7.25.2))(@types/react@18.3.3)(react@18.3.1))(react@18.3.1)(three@0.167.1))(react@18.3.1)(three@0.167.1)
      '@react-spring/web': 9.7.4(react-dom@18.3.1(react@18.3.1))(react@18.3.1)
      '@react-spring/zdog': 9.7.4(react-dom@18.3.1(react@18.3.1))(react-zdog@1.2.2)(react@18.3.1)(zdog@1.1.3)
      react: 18.3.1
      react-dom: 18.3.1(react@18.3.1)
    transitivePeerDependencies:
      - '@react-three/fiber'
      - konva
      - react-konva
      - react-native
      - react-zdog
      - three
      - zdog

  react-toggle-dark-mode@1.1.1(@react-three/fiber@8.16.8(react-dom@18.3.1(react@18.3.1))(react-native@0.74.5(@babel/core@7.25.2)(@babel/preset-env@7.25.3(@babel/core@7.25.2))(@types/react@18.3.3)(react@18.3.1))(react@18.3.1)(three@0.167.1))(konva@9.3.14)(react-dom@18.3.1(react@18.3.1))(react-konva@18.2.10(konva@9.3.14)(react-dom@18.3.1(react@18.3.1))(react@18.3.1))(react-native@0.74.5(@babel/core@7.25.2)(@babel/preset-env@7.25.3(@babel/core@7.25.2))(@types/react@18.3.3)(react@18.3.1))(react-zdog@1.2.2)(react@18.3.1)(three@0.167.1)(zdog@1.1.3):
    dependencies:
      react: 18.3.1
      react-spring: 9.7.4(@react-three/fiber@8.16.8(react-dom@18.3.1(react@18.3.1))(react-native@0.74.5(@babel/core@7.25.2)(@babel/preset-env@7.25.3(@babel/core@7.25.2))(@types/react@18.3.3)(react@18.3.1))(react@18.3.1)(three@0.167.1))(konva@9.3.14)(react-dom@18.3.1(react@18.3.1))(react-konva@18.2.10(konva@9.3.14)(react-dom@18.3.1(react@18.3.1))(react@18.3.1))(react-native@0.74.5(@babel/core@7.25.2)(@babel/preset-env@7.25.3(@babel/core@7.25.2))(@types/react@18.3.3)(react@18.3.1))(react-zdog@1.2.2)(react@18.3.1)(three@0.167.1)(zdog@1.1.3)
    transitivePeerDependencies:
      - '@react-three/fiber'
      - konva
      - react-dom
      - react-konva
      - react-native
      - react-zdog
      - three
      - zdog

  react-use-measure@2.1.1(react-dom@18.3.1(react@18.3.1))(react@18.3.1):
    dependencies:
      debounce: 1.2.1
      react: 18.3.1
      react-dom: 18.3.1(react@18.3.1)

  react-zdog@1.2.2:
    dependencies:
      react: 18.3.1
      react-dom: 18.3.1(react@18.3.1)
      resize-observer-polyfill: 1.5.1

  react@18.3.1:
    dependencies:
      loose-envify: 1.4.0

  read-cache@1.0.0:
    dependencies:
      pify: 2.3.0

  readable-stream@1.1.14:
    dependencies:
      core-util-is: 1.0.3
      inherits: 2.0.4
      isarray: 0.0.1
      string_decoder: 0.10.31

  readable-stream@2.3.8:
    dependencies:
      core-util-is: 1.0.3
      inherits: 2.0.4
      isarray: 1.0.0
      process-nextick-args: 2.0.1
      safe-buffer: 5.1.2
      string_decoder: 1.1.1
      util-deprecate: 1.0.2

  readable-stream@3.6.2:
    dependencies:
      inherits: 2.0.4
      string_decoder: 1.3.0
      util-deprecate: 1.0.2

  readdirp@3.6.0:
    dependencies:
      picomatch: 2.3.1

  readline@1.3.0: {}

  recast@0.21.5:
    dependencies:
      ast-types: 0.15.2
      esprima: 4.0.1
      source-map: 0.6.1
      tslib: 2.6.3

  recursive-readdir@2.2.3:
    dependencies:
      minimatch: 3.1.2

  reflect.getprototypeof@1.0.6:
    dependencies:
      call-bind: 1.0.7
      define-properties: 1.2.1
      es-abstract: 1.23.3
      es-errors: 1.3.0
      get-intrinsic: 1.2.4
      globalthis: 1.0.4
      which-builtin-type: 1.1.4

  regenerate-unicode-properties@10.1.1:
    dependencies:
      regenerate: 1.4.2

  regenerate@1.4.2: {}

  regenerator-runtime@0.13.11: {}

  regenerator-runtime@0.14.1: {}

  regenerator-transform@0.15.2:
    dependencies:
      '@babel/runtime': 7.25.0

  regexp.prototype.flags@1.5.2:
    dependencies:
      call-bind: 1.0.7
      define-properties: 1.2.1
      es-errors: 1.3.0
      set-function-name: 2.0.2

  regexpu-core@5.3.2:
    dependencies:
      '@babel/regjsgen': 0.8.0
      regenerate: 1.4.2
      regenerate-unicode-properties: 10.1.1
      regjsparser: 0.9.1
      unicode-match-property-ecmascript: 2.0.0
      unicode-match-property-value-ecmascript: 2.1.0

  regjsparser@0.9.1:
    dependencies:
      jsesc: 0.5.0

  require-directory@2.1.1: {}

  require-main-filename@2.0.0: {}

  resize-observer-polyfill@1.5.1: {}

  resolve-from@3.0.0: {}

  resolve-from@4.0.0: {}

  resolve@1.22.8:
    dependencies:
      is-core-module: 2.15.0
      path-parse: 1.0.7
      supports-preserve-symlinks-flag: 1.0.0

  resolve@2.0.0-next.5:
    dependencies:
      is-core-module: 2.15.0
      path-parse: 1.0.7
      supports-preserve-symlinks-flag: 1.0.0

  restore-cursor@3.1.0:
    dependencies:
      onetime: 5.1.2
      signal-exit: 3.0.7

  retry@0.12.0: {}

  reusify@1.0.4: {}

  rimraf@2.6.3:
    dependencies:
      glob: 7.2.3

  rimraf@3.0.2:
    dependencies:
      glob: 7.2.3

  rollup@4.20.0:
    dependencies:
      '@types/estree': 1.0.5
    optionalDependencies:
      '@rollup/rollup-android-arm-eabi': 4.20.0
      '@rollup/rollup-android-arm64': 4.20.0
      '@rollup/rollup-darwin-arm64': 4.20.0
      '@rollup/rollup-darwin-x64': 4.20.0
      '@rollup/rollup-linux-arm-gnueabihf': 4.20.0
      '@rollup/rollup-linux-arm-musleabihf': 4.20.0
      '@rollup/rollup-linux-arm64-gnu': 4.20.0
      '@rollup/rollup-linux-arm64-musl': 4.20.0
      '@rollup/rollup-linux-powerpc64le-gnu': 4.20.0
      '@rollup/rollup-linux-riscv64-gnu': 4.20.0
      '@rollup/rollup-linux-s390x-gnu': 4.20.0
      '@rollup/rollup-linux-x64-gnu': 4.20.0
      '@rollup/rollup-linux-x64-musl': 4.20.0
      '@rollup/rollup-win32-arm64-msvc': 4.20.0
      '@rollup/rollup-win32-ia32-msvc': 4.20.0
      '@rollup/rollup-win32-x64-msvc': 4.20.0
      fsevents: 2.3.3

  run-parallel@1.2.0:
    dependencies:
      queue-microtask: 1.2.3

  safe-array-concat@1.1.2:
    dependencies:
      call-bind: 1.0.7
      get-intrinsic: 1.2.4
      has-symbols: 1.0.3
      isarray: 2.0.5

  safe-buffer@5.1.2: {}

  safe-buffer@5.2.1: {}

  safe-regex-test@1.0.3:
    dependencies:
      call-bind: 1.0.7
      es-errors: 1.3.0
      is-regex: 1.1.4

  safer-buffer@2.1.2: {}

  sax@1.4.1: {}

  scheduler@0.21.0:
    dependencies:
      loose-envify: 1.4.0

  scheduler@0.23.2:
    dependencies:
      loose-envify: 1.4.0

  scheduler@0.24.0-canary-efb381bbf-20230505:
    dependencies:
      loose-envify: 1.4.0

  selfsigned@2.4.1:
    dependencies:
      '@types/node-forge': 1.3.11
      node-forge: 1.3.1

  semver@5.7.2: {}

  semver@6.3.1: {}

  semver@7.6.3: {}

  send@0.18.0:
    dependencies:
      debug: 2.6.9
      depd: 2.0.0
      destroy: 1.2.0
      encodeurl: 1.0.2
      escape-html: 1.0.3
      etag: 1.8.1
      fresh: 0.5.2
      http-errors: 2.0.0
      mime: 1.6.0
      ms: 2.1.3
      on-finished: 2.4.1
      range-parser: 1.2.1
      statuses: 2.0.1
    transitivePeerDependencies:
      - supports-color

  serialize-error@2.1.0: {}

  serve-static@1.15.0:
    dependencies:
      encodeurl: 1.0.2
      escape-html: 1.0.3
      parseurl: 1.3.3
      send: 0.18.0
    transitivePeerDependencies:
      - supports-color

  set-blocking@2.0.0: {}

  set-function-length@1.2.2:
    dependencies:
      define-data-property: 1.1.4
      es-errors: 1.3.0
      function-bind: 1.1.2
      get-intrinsic: 1.2.4
      gopd: 1.0.1
      has-property-descriptors: 1.0.2

  set-function-name@2.0.2:
    dependencies:
      define-data-property: 1.1.4
      es-errors: 1.3.0
      functions-have-names: 1.2.3
      has-property-descriptors: 1.0.2

  setprototypeof@1.2.0: {}

  shallow-clone@3.0.1:
    dependencies:
      kind-of: 6.0.3

  shallowequal@1.1.0: {}

  shebang-command@2.0.0:
    dependencies:
      shebang-regex: 3.0.0

  shebang-regex@3.0.0: {}

  shell-quote@1.8.1: {}

  side-channel@1.0.6:
    dependencies:
      call-bind: 1.0.7
      es-errors: 1.3.0
      get-intrinsic: 1.2.4
      object-inspect: 1.13.2

  signal-exit@3.0.7: {}

  signal-exit@4.1.0: {}

  sisteransi@1.0.5: {}

  slash@3.0.0: {}

  slice-ansi@2.1.0:
    dependencies:
      ansi-styles: 3.2.1
      astral-regex: 1.0.0
      is-fullwidth-code-point: 2.0.0

  source-map-js@1.2.0: {}

  source-map-support@0.5.21:
    dependencies:
      buffer-from: 1.1.2
      source-map: 0.6.1

  source-map@0.5.7: {}

  source-map@0.6.1: {}

  source-map@0.7.4: {}

  sprintf-js@1.0.3: {}

  ssh2-sftp-client@11.0.0:
    dependencies:
      concat-stream: 2.0.0
      promise-retry: 2.0.1
      ssh2: 1.15.0

  ssh2@1.15.0:
    dependencies:
      asn1: 0.2.6
      bcrypt-pbkdf: 1.0.2
    optionalDependencies:
      cpu-features: 0.0.10
      nan: 2.20.0

  stack-utils@2.0.6:
    dependencies:
      escape-string-regexp: 2.0.0

  stackframe@1.3.4: {}

  stacktrace-parser@0.1.10:
    dependencies:
      type-fest: 0.7.1

  statuses@1.5.0: {}

  statuses@2.0.1: {}

  string-width@4.2.3:
    dependencies:
      emoji-regex: 8.0.0
      is-fullwidth-code-point: 3.0.0
      strip-ansi: 6.0.1

  string-width@5.1.2:
    dependencies:
      eastasianwidth: 0.2.0
      emoji-regex: 9.2.2
      strip-ansi: 7.1.0

  string.prototype.matchall@4.0.11:
    dependencies:
      call-bind: 1.0.7
      define-properties: 1.2.1
      es-abstract: 1.23.3
      es-errors: 1.3.0
      es-object-atoms: 1.0.0
      get-intrinsic: 1.2.4
      gopd: 1.0.1
      has-symbols: 1.0.3
      internal-slot: 1.0.7
      regexp.prototype.flags: 1.5.2
      set-function-name: 2.0.2
      side-channel: 1.0.6

  string.prototype.repeat@1.0.0:
    dependencies:
      define-properties: 1.2.1
      es-abstract: 1.23.3

  string.prototype.trim@1.2.9:
    dependencies:
      call-bind: 1.0.7
      define-properties: 1.2.1
      es-abstract: 1.23.3
      es-object-atoms: 1.0.0

  string.prototype.trimend@1.0.8:
    dependencies:
      call-bind: 1.0.7
      define-properties: 1.2.1
      es-object-atoms: 1.0.0

  string.prototype.trimstart@1.0.8:
    dependencies:
      call-bind: 1.0.7
      define-properties: 1.2.1
      es-object-atoms: 1.0.0

  string_decoder@0.10.31: {}

  string_decoder@1.1.1:
    dependencies:
      safe-buffer: 5.1.2

  string_decoder@1.3.0:
    dependencies:
      safe-buffer: 5.2.1

  strip-ansi@5.2.0:
    dependencies:
      ansi-regex: 4.1.1

  strip-ansi@6.0.1:
    dependencies:
      ansi-regex: 5.0.1

  strip-ansi@7.1.0:
    dependencies:
      ansi-regex: 6.0.1

  strip-final-newline@2.0.0: {}

  strip-json-comments@3.1.1: {}

  strip-outer@1.0.1:
    dependencies:
      escape-string-regexp: 1.0.5

  strnum@1.0.5: {}

  sucrase@3.35.0:
    dependencies:
      '@jridgewell/gen-mapping': 0.3.5
      commander: 4.1.1
      glob: 10.4.5
      lines-and-columns: 1.2.4
      mz: 2.7.0
      pirates: 4.0.6
      ts-interface-checker: 0.1.13

  sudo-prompt@9.2.1: {}

  supports-color@5.5.0:
    dependencies:
      has-flag: 3.0.0

  supports-color@7.2.0:
    dependencies:
      has-flag: 4.0.0

  supports-color@8.1.1:
    dependencies:
      has-flag: 4.0.0

  supports-preserve-symlinks-flag@1.0.0: {}

  suspend-react@0.1.3(react@18.3.1):
    dependencies:
      react: 18.3.1

  tailwind-scrollbar@3.1.0(tailwindcss@3.4.7):
    dependencies:
      tailwindcss: 3.4.7

  tailwindcss@3.4.7:
    dependencies:
      '@alloc/quick-lru': 5.2.0
      arg: 5.0.2
      chokidar: 3.6.0
      didyoumean: 1.2.2
      dlv: 1.1.3
      fast-glob: 3.3.2
      glob-parent: 6.0.2
      is-glob: 4.0.3
      jiti: 1.21.6
      lilconfig: 2.1.0
      micromatch: 4.0.7
      normalize-path: 3.0.0
      object-hash: 3.0.0
      picocolors: 1.0.1
      postcss: 8.4.41
      postcss-import: 15.1.0(postcss@8.4.41)
      postcss-js: 4.0.1(postcss@8.4.41)
      postcss-load-config: 4.0.2(postcss@8.4.41)
      postcss-nested: 6.2.0(postcss@8.4.41)
      postcss-selector-parser: 6.1.1
      resolve: 1.22.8
      sucrase: 3.35.0
    transitivePeerDependencies:
      - ts-node

  temp-dir@2.0.0: {}

  temp@0.8.4:
    dependencies:
      rimraf: 2.6.3

  terser@5.31.3:
    dependencies:
      '@jridgewell/source-map': 0.3.6
      acorn: 8.12.1
      commander: 2.20.3
      source-map-support: 0.5.21

  text-table@0.2.0: {}

  thenify-all@1.6.0:
    dependencies:
      thenify: 3.3.1

  thenify@3.3.1:
    dependencies:
      any-promise: 1.3.0

  three@0.167.1: {}

  throat@5.0.0: {}

  through2@2.0.5:
    dependencies:
      readable-stream: 2.3.8
      xtend: 4.0.2

  tmpl@1.0.5: {}

  to-fast-properties@2.0.0: {}

  to-regex-range@5.0.1:
    dependencies:
      is-number: 7.0.0

  toidentifier@1.0.1: {}

  tr46@0.0.3: {}

  trim-repeated@1.0.0:
    dependencies:
      escape-string-regexp: 1.0.5

  ts-interface-checker@0.1.13: {}

  tslib@2.6.3: {}

  tweetnacl@0.14.5: {}

  type-check@0.4.0:
    dependencies:
      prelude-ls: 1.2.1

  type-detect@4.0.8: {}

  type-fest@0.20.2: {}

  type-fest@0.7.1: {}

  typed-array-buffer@1.0.2:
    dependencies:
      call-bind: 1.0.7
      es-errors: 1.3.0
      is-typed-array: 1.1.13

  typed-array-byte-length@1.0.1:
    dependencies:
      call-bind: 1.0.7
      for-each: 0.3.3
      gopd: 1.0.1
      has-proto: 1.0.3
      is-typed-array: 1.1.13

  typed-array-byte-offset@1.0.2:
    dependencies:
      available-typed-arrays: 1.0.7
      call-bind: 1.0.7
      for-each: 0.3.3
      gopd: 1.0.1
      has-proto: 1.0.3
      is-typed-array: 1.1.13

  typed-array-length@1.0.6:
    dependencies:
      call-bind: 1.0.7
      for-each: 0.3.3
      gopd: 1.0.1
      has-proto: 1.0.3
      is-typed-array: 1.1.13
      possible-typed-array-names: 1.0.0

  typedarray@0.0.6: {}

  unbox-primitive@1.0.2:
    dependencies:
      call-bind: 1.0.7
      has-bigints: 1.0.2
      has-symbols: 1.0.3
      which-boxed-primitive: 1.0.2

  undici-types@5.26.5: {}

  undici-types@6.13.0: {}

  unicode-canonical-property-names-ecmascript@2.0.0: {}

  unicode-match-property-ecmascript@2.0.0:
    dependencies:
      unicode-canonical-property-names-ecmascript: 2.0.0
      unicode-property-aliases-ecmascript: 2.1.0

  unicode-match-property-value-ecmascript@2.1.0: {}

  unicode-property-aliases-ecmascript@2.1.0: {}

  universalify@0.1.2: {}

  universalify@2.0.1: {}

  unpipe@1.0.0: {}

  update-browserslist-db@1.1.0(browserslist@4.23.3):
    dependencies:
      browserslist: 4.23.3
      escalade: 3.1.2
      picocolors: 1.0.1

  uri-js@4.4.1:
    dependencies:
      punycode: 2.3.1

  util-deprecate@1.0.2: {}

  utils-merge@1.0.1: {}

  vary@1.1.2: {}

  vite@5.3.5(@types/node@22.1.0)(terser@5.31.3):
    dependencies:
      esbuild: 0.21.5
      postcss: 8.4.41
      rollup: 4.20.0
    optionalDependencies:
      '@types/node': 22.1.0
      fsevents: 2.3.3
      terser: 5.31.3

  vlq@1.0.1: {}

  walker@1.0.8:
    dependencies:
      makeerror: 1.0.12

  wcwidth@1.0.1:
    dependencies:
      defaults: 1.0.4

  webidl-conversions@3.0.1: {}

  whatwg-fetch@3.6.20: {}

  whatwg-url@5.0.0:
    dependencies:
      tr46: 0.0.3
      webidl-conversions: 3.0.1

  which-boxed-primitive@1.0.2:
    dependencies:
      is-bigint: 1.0.4
      is-boolean-object: 1.1.2
      is-number-object: 1.0.7
      is-string: 1.0.7
      is-symbol: 1.0.4

  which-builtin-type@1.1.4:
    dependencies:
      function.prototype.name: 1.1.6
      has-tostringtag: 1.0.2
      is-async-function: 2.0.0
      is-date-object: 1.0.5
      is-finalizationregistry: 1.0.2
      is-generator-function: 1.0.10
      is-regex: 1.1.4
      is-weakref: 1.0.2
      isarray: 2.0.5
      which-boxed-primitive: 1.0.2
      which-collection: 1.0.2
      which-typed-array: 1.1.15

  which-collection@1.0.2:
    dependencies:
      is-map: 2.0.3
      is-set: 2.0.3
      is-weakmap: 2.0.2
      is-weakset: 2.0.3

  which-module@2.0.1: {}

  which-typed-array@1.1.15:
    dependencies:
      available-typed-arrays: 1.0.7
      call-bind: 1.0.7
      for-each: 0.3.3
      gopd: 1.0.1
      has-tostringtag: 1.0.2

  which@2.0.2:
    dependencies:
      isexe: 2.0.0

  word-wrap@1.2.5: {}

  wrap-ansi@6.2.0:
    dependencies:
      ansi-styles: 4.3.0
      string-width: 4.2.3
      strip-ansi: 6.0.1

  wrap-ansi@7.0.0:
    dependencies:
      ansi-styles: 4.3.0
      string-width: 4.2.3
      strip-ansi: 6.0.1

  wrap-ansi@8.1.0:
    dependencies:
      ansi-styles: 6.2.1
      string-width: 5.1.2
      strip-ansi: 7.1.0

  wrappy@1.0.2: {}

  write-file-atomic@2.4.3:
    dependencies:
      graceful-fs: 4.2.11
      imurmurhash: 0.1.4
      signal-exit: 3.0.7

  ws@6.2.3:
    dependencies:
      async-limiter: 1.0.1

  ws@7.5.10: {}

  xml2js@0.6.2:
    dependencies:
      sax: 1.4.1
      xmlbuilder: 11.0.1

  xmlbuilder@11.0.1: {}

  xregexp@2.0.0: {}

  xtend@4.0.2: {}

  y18n@4.0.3: {}

  y18n@5.0.8: {}

  yallist@3.1.1: {}

  yaml@2.5.0: {}

  yargs-parser@18.1.3:
    dependencies:
      camelcase: 5.3.1
      decamelize: 1.2.0

  yargs-parser@21.1.1: {}

  yargs@15.4.1:
    dependencies:
      cliui: 6.0.0
      decamelize: 1.2.0
      find-up: 4.1.0
      get-caller-file: 2.0.5
      require-directory: 2.1.1
      require-main-filename: 2.0.0
      set-blocking: 2.0.0
      string-width: 4.2.3
      which-module: 2.0.1
      y18n: 4.0.3
      yargs-parser: 18.1.3

  yargs@17.7.2:
    dependencies:
      cliui: 8.0.1
      escalade: 3.1.2
      get-caller-file: 2.0.5
      require-directory: 2.1.1
      string-width: 4.2.3
      y18n: 5.0.8
      yargs-parser: 21.1.1

  yocto-queue@0.1.0: {}

  zdog@1.1.3: {}

  zustand@3.7.2(react@18.3.1):
    optionalDependencies:
      react: 18.3.1
